// !$*UTF8*$!
{
	archiveVersion = 1;
	classes = {
	};
	objectVersion = 50;
	objects = {

/* Begin PBXBuildFile section */
		C372339032F810C79F147BDB /* Pods_DreamTracker.framework in Frameworks */ = {isa = PBXBuildFile; fileRef = AB475AA504EF8D269CF2BF85 /* Pods_DreamTracker.framework */; };
		E51FA42721B6F70300B64765 /* LoginResponse.swift in Sources */ = {isa = PBXBuildFile; fileRef = E51FA42621B6F70300B64765 /* LoginResponse.swift */; };
		E5BB643121B82FD600E724D5 /* DreamListController.swift in Sources */ = {isa = PBXBuildFile; fileRef = E5BB643021B82FD600E724D5 /* DreamListController.swift */; };
		F96B441821492B2500FDFD60 /* AppDelegate.swift in Sources */ = {isa = PBXBuildFile; fileRef = F96B441721492B2500FDFD60 /* AppDelegate.swift */; };
		F96B441A21492B2500FDFD60 /* ViewController.swift in Sources */ = {isa = PBXBuildFile; fileRef = F96B441921492B2500FDFD60 /* ViewController.swift */; };
		F96B441D21492B2500FDFD60 /* Main.storyboard in Resources */ = {isa = PBXBuildFile; fileRef = F96B441B21492B2500FDFD60 /* Main.storyboard */; };
		F96B441F21492B2700FDFD60 /* Assets.xcassets in Resources */ = {isa = PBXBuildFile; fileRef = F96B441E21492B2700FDFD60 /* Assets.xcassets */; };
		F96B442221492B2700FDFD60 /* LaunchScreen.storyboard in Resources */ = {isa = PBXBuildFile; fileRef = F96B442021492B2700FDFD60 /* LaunchScreen.storyboard */; };
/* End PBXBuildFile section */

/* Begin PBXFileReference section */
		59D048187E6A4E8D58C96444 /* Pods-DreamTracker.debug.xcconfig */ = {isa = PBXFileReference; includeInIndex = 1; lastKnownFileType = text.xcconfig; name = "Pods-DreamTracker.debug.xcconfig"; path = "Pods/Target Support Files/Pods-DreamTracker/Pods-DreamTracker.debug.xcconfig"; sourceTree = "<group>"; };
		AB475AA504EF8D269CF2BF85 /* Pods_DreamTracker.framework */ = {isa = PBXFileReference; explicitFileType = wrapper.framework; includeInIndex = 0; path = Pods_DreamTracker.framework; sourceTree = BUILT_PRODUCTS_DIR; };
		CD7CCA7D50A41B7DF6AC0381 /* Pods-DreamTracker.release.xcconfig */ = {isa = PBXFileReference; includeInIndex = 1; lastKnownFileType = text.xcconfig; name = "Pods-DreamTracker.release.xcconfig"; path = "Pods/Target Support Files/Pods-DreamTracker/Pods-DreamTracker.release.xcconfig"; sourceTree = "<group>"; };
		E51FA42621B6F70300B64765 /* LoginResponse.swift */ = {isa = PBXFileReference; lastKnownFileType = sourcecode.swift; path = LoginResponse.swift; sourceTree = "<group>"; };
		E5BB643021B82FD600E724D5 /* DreamListController.swift */ = {isa = PBXFileReference; lastKnownFileType = sourcecode.swift; path = DreamListController.swift; sourceTree = "<group>"; };
		F96B441421492B2500FDFD60 /* DreamTracker.app */ = {isa = PBXFileReference; explicitFileType = wrapper.application; includeInIndex = 0; path = DreamTracker.app; sourceTree = BUILT_PRODUCTS_DIR; };
		F96B441721492B2500FDFD60 /* AppDelegate.swift */ = {isa = PBXFileReference; lastKnownFileType = sourcecode.swift; path = AppDelegate.swift; sourceTree = "<group>"; };
		F96B441921492B2500FDFD60 /* ViewController.swift */ = {isa = PBXFileReference; lastKnownFileType = sourcecode.swift; path = ViewController.swift; sourceTree = "<group>"; };
		F96B441C21492B2500FDFD60 /* Base */ = {isa = PBXFileReference; lastKnownFileType = file.storyboard; name = Base; path = Base.lproj/Main.storyboard; sourceTree = "<group>"; };
		F96B441E21492B2700FDFD60 /* Assets.xcassets */ = {isa = PBXFileReference; lastKnownFileType = folder.assetcatalog; path = Assets.xcassets; sourceTree = "<group>"; };
		F96B442121492B2700FDFD60 /* Base */ = {isa = PBXFileReference; lastKnownFileType = file.storyboard; name = Base; path = Base.lproj/LaunchScreen.storyboard; sourceTree = "<group>"; };
		F96B442321492B2700FDFD60 /* Info.plist */ = {isa = PBXFileReference; lastKnownFileType = text.plist.xml; path = Info.plist; sourceTree = "<group>"; };
/* End PBXFileReference section */

/* Begin PBXFrameworksBuildPhase section */
		F96B441121492B2500FDFD60 /* Frameworks */ = {
			isa = PBXFrameworksBuildPhase;
			buildActionMask = 2147483647;
			files = (
				C372339032F810C79F147BDB /* Pods_DreamTracker.framework in Frameworks */,
			);
			runOnlyForDeploymentPostprocessing = 0;
		};
/* End PBXFrameworksBuildPhase section */

/* Begin PBXGroup section */
		0A1852E8E90AE3223C94F583 /* Pods */ = {
			isa = PBXGroup;
			children = (
				59D048187E6A4E8D58C96444 /* Pods-DreamTracker.debug.xcconfig */,
				CD7CCA7D50A41B7DF6AC0381 /* Pods-DreamTracker.release.xcconfig */,
			);
			name = Pods;
			sourceTree = "<group>";
		};
		E51FA42521B6F69700B64765 /* Models */ = {
			isa = PBXGroup;
			children = (
				E51FA42621B6F70300B64765 /* LoginResponse.swift */,
			);
			path = Models;
			sourceTree = "<group>";
		};
		F95409B3C46D926425293039 /* Frameworks */ = {
			isa = PBXGroup;
			children = (
				AB475AA504EF8D269CF2BF85 /* Pods_DreamTracker.framework */,
			);
			name = Frameworks;
			sourceTree = "<group>";
		};
		F96B440B21492B2500FDFD60 = {
			isa = PBXGroup;
			children = (
				E51FA42521B6F69700B64765 /* Models */,
				F96B441621492B2500FDFD60 /* DreamTracker */,
				F96B441521492B2500FDFD60 /* Products */,
				0A1852E8E90AE3223C94F583 /* Pods */,
				F95409B3C46D926425293039 /* Frameworks */,
			);
			sourceTree = "<group>";
		};
		F96B441521492B2500FDFD60 /* Products */ = {
			isa = PBXGroup;
			children = (
				F96B441421492B2500FDFD60 /* DreamTracker.app */,
			);
			name = Products;
			sourceTree = "<group>";
		};
		F96B441621492B2500FDFD60 /* DreamTracker */ = {
			isa = PBXGroup;
			children = (
				F96B441721492B2500FDFD60 /* AppDelegate.swift */,
				F96B441921492B2500FDFD60 /* ViewController.swift */,
				F96B441B21492B2500FDFD60 /* Main.storyboard */,
				E5BB643021B82FD600E724D5 /* DreamListController.swift */,
				F96B441E21492B2700FDFD60 /* Assets.xcassets */,
				F96B442021492B2700FDFD60 /* LaunchScreen.storyboard */,
				F96B442321492B2700FDFD60 /* Info.plist */,
			);
			path = DreamTracker;
			sourceTree = "<group>";
		};
/* End PBXGroup section */

/* Begin PBXNativeTarget section */
		F96B441321492B2500FDFD60 /* DreamTracker */ = {
			isa = PBXNativeTarget;
			buildConfigurationList = F96B442621492B2700FDFD60 /* Build configuration list for PBXNativeTarget "DreamTracker" */;
			buildPhases = (
				5BEEE334E2C0F48B4CE5A19C /* [CP] Check Pods Manifest.lock */,
				F96B441021492B2500FDFD60 /* Sources */,
				F96B441121492B2500FDFD60 /* Frameworks */,
				F96B441221492B2500FDFD60 /* Resources */,
				9B0FDF96258C64413A4B2F42 /* [CP] Embed Pods Frameworks */,
			);
			buildRules = (
			);
			dependencies = (
			);
			name = DreamTracker;
			productName = DreamTracker;
			productReference = F96B441421492B2500FDFD60 /* DreamTracker.app */;
			productType = "com.apple.product-type.application";
		};
/* End PBXNativeTarget section */

/* Begin PBXProject section */
		F96B440C21492B2500FDFD60 /* Project object */ = {
			isa = PBXProject;
			attributes = {
				LastSwiftUpdateCheck = 0940;
				LastUpgradeCheck = 0940;
				ORGANIZATIONNAME = Tokopedia;
				TargetAttributes = {
					F96B441321492B2500FDFD60 = {
						CreatedOnToolsVersion = 9.4;
					};
				};
			};
			buildConfigurationList = F96B440F21492B2500FDFD60 /* Build configuration list for PBXProject "DreamTracker" */;
			compatibilityVersion = "Xcode 9.3";
			developmentRegion = en;
			hasScannedForEncodings = 0;
			knownRegions = (
				en,
				Base,
			);
			mainGroup = F96B440B21492B2500FDFD60;
			productRefGroup = F96B441521492B2500FDFD60 /* Products */;
			projectDirPath = "";
			projectRoot = "";
			targets = (
				F96B441321492B2500FDFD60 /* DreamTracker */,
			);
		};
/* End PBXProject section */

/* Begin PBXResourcesBuildPhase section */
		F96B441221492B2500FDFD60 /* Resources */ = {
			isa = PBXResourcesBuildPhase;
			buildActionMask = 2147483647;
			files = (
				F96B442221492B2700FDFD60 /* LaunchScreen.storyboard in Resources */,
				F96B441F21492B2700FDFD60 /* Assets.xcassets in Resources */,
				F96B441D21492B2500FDFD60 /* Main.storyboard in Resources */,
			);
			runOnlyForDeploymentPostprocessing = 0;
		};
/* End PBXResourcesBuildPhase section */

/* Begin PBXShellScriptBuildPhase section */
		5BEEE334E2C0F48B4CE5A19C /* [CP] Check Pods Manifest.lock */ = {
			isa = PBXShellScriptBuildPhase;
			buildActionMask = 2147483647;
			files = (
			);
			inputFileListPaths = (
			);
			inputPaths = (
				"${PODS_PODFILE_DIR_PATH}/Podfile.lock",
				"${PODS_ROOT}/Manifest.lock",
			);
			name = "[CP] Check Pods Manifest.lock";
			outputFileListPaths = (
			);
			outputPaths = (
				"$(DERIVED_FILE_DIR)/Pods-DreamTracker-checkManifestLockResult.txt",
			);
			runOnlyForDeploymentPostprocessing = 0;
			shellPath = /bin/sh;
			shellScript = "diff \"${PODS_PODFILE_DIR_PATH}/Podfile.lock\" \"${PODS_ROOT}/Manifest.lock\" > /dev/null\nif [ $? != 0 ] ; then\n    # print error to STDERR\n    echo \"error: The sandbox is not in sync with the Podfile.lock. Run 'pod install' or update your CocoaPods installation.\" >&2\n    exit 1\nfi\n# This output is used by Xcode 'outputs' to avoid re-running this script phase.\necho \"SUCCESS\" > \"${SCRIPT_OUTPUT_FILE_0}\"\n";
			showEnvVarsInLog = 0;
		};
		9B0FDF96258C64413A4B2F42 /* [CP] Embed Pods Frameworks */ = {
			isa = PBXShellScriptBuildPhase;
			buildActionMask = 2147483647;
			files = (
			);
			inputFileListPaths = (
			);
			inputPaths = (
				"${SRCROOT}/Pods/Target Support Files/Pods-DreamTracker/Pods-DreamTracker-frameworks.sh",
				"${BUILT_PRODUCTS_DIR}/Alamofire/Alamofire.framework",
			);
			name = "[CP] Embed Pods Frameworks";
			outputFileListPaths = (
			);
			outputPaths = (
				"${TARGET_BUILD_DIR}/${FRAMEWORKS_FOLDER_PATH}/Alamofire.framework",
			);
			runOnlyForDeploymentPostprocessing = 0;
			shellPath = /bin/sh;
			shellScript = "\"${SRCROOT}/Pods/Target Support Files/Pods-DreamTracker/Pods-DreamTracker-frameworks.sh\"\n";
			showEnvVarsInLog = 0;
		};
/* End PBXShellScriptBuildPhase section */

/* Begin PBXSourcesBuildPhase section */
		F96B441021492B2500FDFD60 /* Sources */ = {
			isa = PBXSourcesBuildPhase;
			buildActionMask = 2147483647;
			files = (
				F96B441A21492B2500FDFD60 /* ViewController.swift in Sources */,
				E5BB643121B82FD600E724D5 /* DreamListController.swift in Sources */,
				F96B441821492B2500FDFD60 /* AppDelegate.swift in Sources */,
				E51FA42721B6F70300B64765 /* LoginResponse.swift in Sources */,
			);
			runOnlyForDeploymentPostprocessing = 0;
		};
/* End PBXSourcesBuildPhase section */

/* Begin PBXVariantGroup section */
		F96B441B21492B2500FDFD60 /* Main.storyboard */ = {
			isa = PBXVariantGroup;
			children = (
				F96B441C21492B2500FDFD60 /* Base */,
			);
			name = Main.storyboard;
			sourceTree = "<group>";
		};
		F96B442021492B2700FDFD60 /* LaunchScreen.storyboard */ = {
			isa = PBXVariantGroup;
			children = (
				F96B442121492B2700FDFD60 /* Base */,
			);
			name = LaunchScreen.storyboard;
			sourceTree = "<group>";
		};
/* End PBXVariantGroup section */

/* Begin XCBuildConfiguration section */
		F96B442421492B2700FDFD60 /* Debug */ = {
			isa = XCBuildConfiguration;
			buildSettings = {
				ALWAYS_SEARCH_USER_PATHS = NO;
				CLANG_ANALYZER_NONNULL = YES;
				CLANG_ANALYZER_NUMBER_OBJECT_CONVERSION = YES_AGGRESSIVE;
				CLANG_CXX_LANGUAGE_STANDARD = "gnu++14";
				CLANG_CXX_LIBRARY = "libc++";
				CLANG_ENABLE_MODULES = YES;
				CLANG_ENABLE_OBJC_ARC = YES;
				CLANG_ENABLE_OBJC_WEAK = YES;
				CLANG_WARN_BLOCK_CAPTURE_AUTORELEASING = YES;
				CLANG_WARN_BOOL_CONVERSION = YES;
				CLANG_WARN_COMMA = YES;
				CLANG_WARN_CONSTANT_CONVERSION = YES;
				CLANG_WARN_DEPRECATED_OBJC_IMPLEMENTATIONS = YES;
				CLANG_WARN_DIRECT_OBJC_ISA_USAGE = YES_ERROR;
				CLANG_WARN_DOCUMENTATION_COMMENTS = YES;
				CLANG_WARN_EMPTY_BODY = YES;
				CLANG_WARN_ENUM_CONVERSION = YES;
				CLANG_WARN_INFINITE_RECURSION = YES;
				CLANG_WARN_INT_CONVERSION = YES;
				CLANG_WARN_NON_LITERAL_NULL_CONVERSION = YES;
				CLANG_WARN_OBJC_IMPLICIT_RETAIN_SELF = YES;
				CLANG_WARN_OBJC_LITERAL_CONVERSION = YES;
				CLANG_WARN_OBJC_ROOT_CLASS = YES_ERROR;
				CLANG_WARN_RANGE_LOOP_ANALYSIS = YES;
				CLANG_WARN_STRICT_PROTOTYPES = YES;
				CLANG_WARN_SUSPICIOUS_MOVE = YES;
				CLANG_WARN_UNGUARDED_AVAILABILITY = YES_AGGRESSIVE;
				CLANG_WARN_UNREACHABLE_CODE = YES;
				CLANG_WARN__DUPLICATE_METHOD_MATCH = YES;
				CODE_SIGN_IDENTITY = "iPhone Developer";
				COPY_PHASE_STRIP = NO;
				DEBUG_INFORMATION_FORMAT = dwarf;
				ENABLE_STRICT_OBJC_MSGSEND = YES;
				ENABLE_TESTABILITY = YES;
				GCC_C_LANGUAGE_STANDARD = gnu11;
				GCC_DYNAMIC_NO_PIC = NO;
				GCC_NO_COMMON_BLOCKS = YES;
				GCC_OPTIMIZATION_LEVEL = 0;
				GCC_PREPROCESSOR_DEFINITIONS = (
					"DEBUG=1",
					"$(inherited)",
				);
				GCC_WARN_64_TO_32_BIT_CONVERSION = YES;
				GCC_WARN_ABOUT_RETURN_TYPE = YES_ERROR;
				GCC_WARN_UNDECLARED_SELECTOR = YES;
				GCC_WARN_UNINITIALIZED_AUTOS = YES_AGGRESSIVE;
				GCC_WARN_UNUSED_FUNCTION = YES;
				GCC_WARN_UNUSED_VARIABLE = YES;
				IPHONEOS_DEPLOYMENT_TARGET = 11.4;
				MTL_ENABLE_DEBUG_INFO = YES;
				ONLY_ACTIVE_ARCH = YES;
				SDKROOT = iphoneos;
				SWIFT_ACTIVE_COMPILATION_CONDITIONS = DEBUG;
				SWIFT_OPTIMIZATION_LEVEL = "-Onone";
			};
			name = Debug;
		};
		F96B442521492B2700FDFD60 /* Release */ = {
			isa = XCBuildConfiguration;
			buildSettings = {
				ALWAYS_SEARCH_USER_PATHS = NO;
				CLANG_ANALYZER_NONNULL = YES;
				CLANG_ANALYZER_NUMBER_OBJECT_CONVERSION = YES_AGGRESSIVE;
				CLANG_CXX_LANGUAGE_STANDARD = "gnu++14";
				CLANG_CXX_LIBRARY = "libc++";
				CLANG_ENABLE_MODULES = YES;
				CLANG_ENABLE_OBJC_ARC = YES;
				CLANG_ENABLE_OBJC_WEAK = YES;
				CLANG_WARN_BLOCK_CAPTURE_AUTORELEASING = YES;
				CLANG_WARN_BOOL_CONVERSION = YES;
				CLANG_WARN_COMMA = YES;
				CLANG_WARN_CONSTANT_CONVERSION = YES;
				CLANG_WARN_DEPRECATED_OBJC_IMPLEMENTATIONS = YES;
				CLANG_WARN_DIRECT_OBJC_ISA_USAGE = YES_ERROR;
				CLANG_WARN_DOCUMENTATION_COMMENTS = YES;
				CLANG_WARN_EMPTY_BODY = YES;
				CLANG_WARN_ENUM_CONVERSION = YES;
				CLANG_WARN_INFINITE_RECURSION = YES;
				CLANG_WARN_INT_CONVERSION = YES;
				CLANG_WARN_NON_LITERAL_NULL_CONVERSION = YES;
				CLANG_WARN_OBJC_IMPLICIT_RETAIN_SELF = YES;
				CLANG_WARN_OBJC_LITERAL_CONVERSION = YES;
				CLANG_WARN_OBJC_ROOT_CLASS = YES_ERROR;
				CLANG_WARN_RANGE_LOOP_ANALYSIS = YES;
				CLANG_WARN_STRICT_PROTOTYPES = YES;
				CLANG_WARN_SUSPICIOUS_MOVE = YES;
				CLANG_WARN_UNGUARDED_AVAILABILITY = YES_AGGRESSIVE;
				CLANG_WARN_UNREACHABLE_CODE = YES;
				CLANG_WARN__DUPLICATE_METHOD_MATCH = YES;
				CODE_SIGN_IDENTITY = "iPhone Developer";
				COPY_PHASE_STRIP = NO;
				DEBUG_INFORMATION_FORMAT = "dwarf-with-dsym";
				ENABLE_NS_ASSERTIONS = NO;
				ENABLE_STRICT_OBJC_MSGSEND = YES;
				GCC_C_LANGUAGE_STANDARD = gnu11;
				GCC_NO_COMMON_BLOCKS = YES;
				GCC_WARN_64_TO_32_BIT_CONVERSION = YES;
				GCC_WARN_ABOUT_RETURN_TYPE = YES_ERROR;
				GCC_WARN_UNDECLARED_SELECTOR = YES;
				GCC_WARN_UNINITIALIZED_AUTOS = YES_AGGRESSIVE;
				GCC_WARN_UNUSED_FUNCTION = YES;
				GCC_WARN_UNUSED_VARIABLE = YES;
				IPHONEOS_DEPLOYMENT_TARGET = 11.4;
				MTL_ENABLE_DEBUG_INFO = NO;
				SDKROOT = iphoneos;
				SWIFT_COMPILATION_MODE = wholemodule;
				SWIFT_OPTIMIZATION_LEVEL = "-O";
				VALIDATE_PRODUCT = YES;
			};
			name = Release;
		};
		F96B442721492B2700FDFD60 /* Debug */ = {
			isa = XCBuildConfiguration;
			baseConfigurationReference = 59D048187E6A4E8D58C96444 /* Pods-DreamTracker.debug.xcconfig */;
			buildSettings = {
				ASSETCATALOG_COMPILER_APPICON_NAME = AppIcon;
				CODE_SIGN_STYLE = Automatic;
				DEVELOPMENT_TEAM = EB39KB4RBT;
				INFOPLIST_FILE = DreamTracker/Info.plist;
				LD_RUNPATH_SEARCH_PATHS = (
					"$(inherited)",
					"@executable_path/Frameworks",
				);
				PRODUCT_BUNDLE_IDENTIFIER = com.tokopedia.DreamTracker;
				PRODUCT_NAME = "$(TARGET_NAME)";
				SWIFT_VERSION = 4.0;
				TARGETED_DEVICE_FAMILY = "1,2";
			};
			name = Debug;
		};
		F96B442821492B2700FDFD60 /* Release */ = {
			isa = XCBuildConfiguration;
			baseConfigurationReference = CD7CCA7D50A41B7DF6AC0381 /* Pods-DreamTracker.release.xcconfig */;
			buildSettings = {
				ASSETCATALOG_COMPILER_APPICON_NAME = AppIcon;
				CODE_SIGN_STYLE = Automatic;
				DEVELOPMENT_TEAM = EB39KB4RBT;
				INFOPLIST_FILE = DreamTracker/Info.plist;
				LD_RUNPATH_SEARCH_PATHS = (
					"$(inherited)",
					"@executable_path/Frameworks",
				);
				PRODUCT_BUNDLE_IDENTIFIER = com.tokopedia.DreamTracker;
				PRODUCT_NAME = "$(TARGET_NAME)";
				SWIFT_VERSION = 4.0;
				TARGETED_DEVICE_FAMILY = "1,2";
			};
			name = Release;
		};
/* End XCBuildConfiguration section */

/* Begin XCConfigurationList section */
		F96B440F21492B2500FDFD60 /* Build configuration list for PBXProject "DreamTracker" */ = {
			isa = XCConfigurationList;
			buildConfigurations = (
				F96B442421492B2700FDFD60 /* Debug */,
				F96B442521492B2700FDFD60 /* Release */,
			);
			defaultConfigurationIsVisible = 0;
			defaultConfigurationName = Release;
		};
		F96B442621492B2700FDFD60 /* Build configuration list for PBXNativeTarget "DreamTracker" */ = {
			isa = XCConfigurationList;
			buildConfigurations = (
				F96B442721492B2700FDFD60 /* Debug */,
				F96B442821492B2700FDFD60 /* Release */,
			);
			defaultConfigurationIsVisible = 0;
			defaultConfigurationName = Release;
		};
/* End XCConfigurationList section */
	};
	rootObject = F96B440C21492B2500FDFD60 /* Project object */;
}
